
Microsoft Visual Studio Solution File, Format Version 12.00
# Visual Studio 15
VisualStudioVersion = 15.0.28307.106
MinimumVisualStudioVersion = 10.0.40219.1
Project("{FAE04EC0-301F-11D3-BF4B-00C04F79EFBC}") = "WindowsFormsApp2", "WindowsFormsApp2\WindowsFormsApp2.csproj", "{E2748AF1-2ECF-4771-AD18-81370AB4248C}"
EndProject
Global
	GlobalSection(SolutionConfigurationPlatforms) = preSolution
		Debug|Any CPU = Debug|Any CPU
		Release|Any CPU = Release|Any CPU
	EndGlobalSection
	GlobalSection(ProjectConfigurationPlatforms) = postSolution
		{E2748AF1-2ECF-4771-AD18-81370AB4248C}.Debug|Any CPU.ActiveCfg = Debug|Any CPU
		{E2748AF1-2ECF-4771-AD18-81370AB4248C}.Debug|Any CPU.Build.0 = Debug|Any CPU
		{E2748AF1-2ECF-4771-AD18-81370AB4248C}.Release|Any CPU.ActiveCfg = Release|Any CPU
		{E2748AF1-2ECF-4771-AD18-81370AB4248C}.Release|Any CPU.Build.0 = Release|Any CPU
	EndGlobalSection
	GlobalSection(SolutionProperties) = preSolution
		HideSolutionNode = FALSE
	EndGlobalSection
	GlobalSection(ExtensibilityGlobals) = postSolution
		SolutionGuid = {CCEE222F-45D7-43D9-9228-FEE296065199}
	EndGlobalSection
EndGlobal
